<?xml version="1.0" encoding="utf-8"?>
<Project ToolsVersion="4.0" xmlns="http://schemas.microsoft.com/developer/msbuild/2003">
  <ItemGroup>
    <Filter Include="源文件">
      <UniqueIdentifier>{4FC737F1-C7A5-4376-A066-2A32D752A2FF}</UniqueIdentifier>
      <Extensions>cpp;c;cc;cxx;def;odl;idl;hpj;bat;asm;asmx</Extensions>
    </Filter>
    <Filter Include="头文件">
      <UniqueIdentifier>{93995380-89BD-4b04-88EB-625FBE52EBFB}</UniqueIdentifier>
      <Extensions>h;hpp;hxx;hm;inl;inc;xsd</Extensions>
    </Filter>
    <Filter Include="资源文件">
      <UniqueIdentifier>{67DA6AB6-F800-4c08-8B7A-83BB121AAD01}</UniqueIdentifier>
      <Extensions>rc;ico;cur;bmp;dlg;rc2;rct;bin;rgs;gif;jpg;jpeg;jpe;resx;tiff;tif;png;wav;mfcribbon-ms</Extensions>
    </Filter>
  </ItemGroup>
  <ItemGroup>
    <None Include="ReadMe.txt" />
  </ItemGroup>
  <ItemGroup>
    <ClInclude Include="stdafx.h">
      <Filter>头文件</Filter>
    </ClInclude>
    <ClInclude Include="targetver.h">
      <Filter>头文件</Filter>
    </ClInclude>
    <ClInclude Include="Shader.h">
      <Filter>头文件</Filter>
    </ClInclude>
    <ClInclude Include="textfile.h">
      <Filter>头文件</Filter>
    </ClInclude>
    <ClInclude Include="abstractObj.h">
      <Filter>头文件</Filter>
    </ClInclude>
    <ClInclude Include="bsdf.h">
      <Filter>头文件</Filter>
    </ClInclude>
    <ClInclude Include="camera.h">
      <Filter>头文件</Filter>
    </ClInclude>
    <ClInclude Include="config.h">
      <Filter>头文件</Filter>
    </ClInclude>
    <ClInclude Include="cosHemiSphereSampler.h">
      <Filter>头文件</Filter>
    </ClInclude>
    <ClInclude Include="diffuseBsdf.h">
      <Filter>头文件</Filter>
    </ClInclude>
    <ClInclude Include="diffuseObj.h">
      <Filter>头文件</Filter>
    </ClInclude>
    <ClInclude Include="emissiveObj.h">
      <Filter>头文件</Filter>
    </ClInclude>
    <ClInclude Include="film.h">
      <Filter>头文件</Filter>
    </ClInclude>
    <ClInclude Include="frame.h">
      <Filter>头文件</Filter>
    </ClInclude>
    <ClInclude Include="glossyObj.h">
      <Filter>头文件</Filter>
    </ClInclude>
    <ClInclude Include="isotropicPhong.h">
      <Filter>头文件</Filter>
    </ClInclude>
    <ClInclude Include="kdtree.h">
      <Filter>头文件</Filter>
    </ClInclude>
    <ClInclude Include="macros.h">
      <Filter>头文件</Filter>
    </ClInclude>
    <ClInclude Include="mcRenderer.h">
      <Filter>头文件</Filter>
    </ClInclude>
    <ClInclude Include="mesh.h">
      <Filter>头文件</Filter>
    </ClInclude>
    <ClInclude Include="NeuralNetwork.h">
      <Filter>头文件</Filter>
    </ClInclude>
    <ClInclude Include="noself.h">
      <Filter>头文件</Filter>
    </ClInclude>
    <ClInclude Include="nvMatrix.h">
      <Filter>头文件</Filter>
    </ClInclude>
    <ClInclude Include="nvVector.h">
      <Filter>头文件</Filter>
    </ClInclude>
    <ClInclude Include="pathTracer.h">
      <Filter>头文件</Filter>
    </ClInclude>
    <ClInclude Include="powerCosHemiSphereSampler.h">
      <Filter>头文件</Filter>
    </ClInclude>
    <ClInclude Include="ray.h">
      <Filter>头文件</Filter>
    </ClInclude>
    <ClInclude Include="renderEngine.h">
      <Filter>头文件</Filter>
    </ClInclude>
    <ClInclude Include="rng.h">
      <Filter>头文件</Filter>
    </ClInclude>
    <ClInclude Include="sampler.h">
      <Filter>头文件</Filter>
    </ClInclude>
    <ClInclude Include="scene.h">
      <Filter>头文件</Filter>
    </ClInclude>
    <ClInclude Include="surfaceSampler.h">
      <Filter>头文件</Filter>
    </ClInclude>
    <ClInclude Include="Test.h">
      <Filter>头文件</Filter>
    </ClInclude>
    <ClInclude Include="Train.h">
      <Filter>头文件</Filter>
    </ClInclude>
    <ClInclude Include="uniformSphereSampler.h">
      <Filter>头文件</Filter>
    </ClInclude>
    <ClInclude Include="util.h">
      <Filter>头文件</Filter>
    </ClInclude>
  </ItemGroup>
  <ItemGroup>
    <ClCompile Include="stdafx.cpp">
      <Filter>源文件</Filter>
    </ClCompile>
    <ClCompile Include="Roaming.cpp">
      <Filter>源文件</Filter>
    </ClCompile>
    <ClCompile Include="Shader.cpp">
      <Filter>源文件</Filter>
    </ClCompile>
    <ClCompile Include="textfile.cpp">
      <Filter>源文件</Filter>
    </ClCompile>
    <ClCompile Include="abstractObj.cpp">
      <Filter>源文件</Filter>
    </ClCompile>
    <ClCompile Include="camera.cpp">
      <Filter>源文件</Filter>
    </ClCompile>
    <ClCompile Include="config.cpp">
      <Filter>源文件</Filter>
    </ClCompile>
    <ClCompile Include="film.cpp">
      <Filter>源文件</Filter>
    </ClCompile>
    <ClCompile Include="kdtree.cpp">
      <Filter>源文件</Filter>
    </ClCompile>
    <ClCompile Include="mcRenderer.cpp">
      <Filter>源文件</Filter>
    </ClCompile>
    <ClCompile Include="mesh.cpp">
      <Filter>源文件</Filter>
    </ClCompile>
    <ClCompile Include="NeuralNetwork.cpp">
      <Filter>源文件</Filter>
    </ClCompile>
    <ClCompile Include="noself.cpp">
      <Filter>源文件</Filter>
    </ClCompile>
    <ClCompile Include="pathTracer.cpp">
      <Filter>源文件</Filter>
    </ClCompile>
    <ClCompile Include="ray.cpp">
      <Filter>源文件</Filter>
    </ClCompile>
    <ClCompile Include="RealtimeGI.cpp">
      <Filter>源文件</Filter>
    </ClCompile>
    <ClCompile Include="renderEngine.cpp">
      <Filter>源文件</Filter>
    </ClCompile>
    <ClCompile Include="scene.cpp">
      <Filter>源文件</Filter>
    </ClCompile>
    <ClCompile Include="surfaceSampler.cpp">
      <Filter>源文件</Filter>
    </ClCompile>
    <ClCompile Include="Test.cpp">
      <Filter>源文件</Filter>
    </ClCompile>
    <ClCompile Include="Train.cpp">
      <Filter>源文件</Filter>
    </ClCompile>
  </ItemGroup>
</Project>